
Microsoft Visual Studio Solution File, Format Version 12.00
Project("{FAE04EC0-301F-11D3-BF4B-00C04F79EFBC}") = "Booking", "Booking.csproj", "{CE59F798-C275-43CC-8BC6-F4B3BFBC6ADA}"
EndProject
Global
	GlobalSection(SolutionConfigurationPlatforms) = preSolution
		Debug|Any CPU = Debug|Any CPU
		Release|Any CPU = Release|Any CPU
	EndGlobalSection
	GlobalSection(ProjectConfigurationPlatforms) = postSolution
		{CE59F798-C275-43CC-8BC6-F4B3BFBC6ADA}.Debug|Any CPU.ActiveCfg = Debug|Any CPU
		{CE59F798-C275-43CC-8BC6-F4B3BFBC6ADA}.Debug|Any CPU.Build.0 = Debug|Any CPU
		{CE59F798-C275-43CC-8BC6-F4B3BFBC6ADA}.Release|Any CPU.ActiveCfg = Release|Any CPU
		{CE59F798-C275-43CC-8BC6-F4B3BFBC6ADA}.Release|Any CPU.Build.0 = Release|Any CPU
	EndGlobalSection
EndGlobal
